// !$*UTF8*$!
{
	archiveVersion = 1;
	classes = {
	};
	objectVersion = 50;
	objects = {

/* Begin PBXBuildFile section */
		35ADE36722279F680000AECF /* AppDelegate.m in Sources */ = {isa = PBXBuildFile; fileRef = 35ADE36622279F680000AECF /* AppDelegate.m */; };
		35ADE36A22279F680000AECF /* ViewController.m in Sources */ = {isa = PBXBuildFile; fileRef = 35ADE36922279F680000AECF /* ViewController.m */; };
		35ADE36D22279F680000AECF /* Main.storyboard in Resources */ = {isa = PBXBuildFile; fileRef = 35ADE36B22279F680000AECF /* Main.storyboard */; };
		35ADE36F22279F680000AECF /* Assets.xcassets in Resources */ = {isa = PBXBuildFile; fileRef = 35ADE36E22279F680000AECF /* Assets.xcassets */; };
		35ADE37222279F680000AECF /* LaunchScreen.storyboard in Resources */ = {isa = PBXBuildFile; fileRef = 35ADE37022279F680000AECF /* LaunchScreen.storyboard */; };
		35ADE37522279F680000AECF /* main.m in Sources */ = {isa = PBXBuildFile; fileRef = 35ADE37422279F680000AECF /* main.m */; };
/* End PBXBuildFile section */

/* Begin PBXFileReference section */
		35ADE36222279F680000AECF /* 仿朴朴首页.app */ = {isa = PBXFileReference; explicitFileType = wrapper.application; includeInIndex = 0; path = "仿朴朴首页.app"; sourceTree = BUILT_PRODUCTS_DIR; };
		35ADE36522279F680000AECF /* AppDelegate.h */ = {isa = PBXFileReference; lastKnownFileType = sourcecode.c.h; path = AppDelegate.h; sourceTree = "<group>"; };
		35ADE36622279F680000AECF /* AppDelegate.m */ = {isa = PBXFileReference; lastKnownFileType = sourcecode.c.objc; path = AppDelegate.m; sourceTree = "<group>"; };
		35ADE36822279F680000AECF /* ViewController.h */ = {isa = PBXFileReference; lastKnownFileType = sourcecode.c.h; path = ViewController.h; sourceTree = "<group>"; };
		35ADE36922279F680000AECF /* ViewController.m */ = {isa = PBXFileReference; lastKnownFileType = sourcecode.c.objc; path = ViewController.m; sourceTree = "<group>"; };
		35ADE36C22279F680000AECF /* Base */ = {isa = PBXFileReference; lastKnownFileType = file.storyboard; name = Base; path = Base.lproj/Main.storyboard; sourceTree = "<group>"; };
		35ADE36E22279F680000AECF /* Assets.xcassets */ = {isa = PBXFileReference; lastKnownFileType = folder.assetcatalog; path = Assets.xcassets; sourceTree = "<group>"; };
		35ADE37122279F680000AECF /* Base */ = {isa = PBXFileReference; lastKnownFileType = file.storyboard; name = Base; path = Base.lproj/LaunchScreen.storyboard; sourceTree = "<group>"; };
		35ADE37322279F680000AECF /* Info.plist */ = {isa = PBXFileReference; lastKnownFileType = text.plist.xml; path = Info.plist; sourceTree = "<group>"; };
		35ADE37422279F680000AECF /* main.m */ = {isa = PBXFileReference; lastKnownFileType = sourcecode.c.objc; path = main.m; sourceTree = "<group>"; };
/* End PBXFileReference section */

/* Begin PBXFrameworksBuildPhase section */
		35ADE35F22279F680000AECF /* Frameworks */ = {
			isa = PBXFrameworksBuildPhase;
			buildActionMask = 2147483647;
			files = (
			);
			runOnlyForDeploymentPostprocessing = 0;
		};
/* End PBXFrameworksBuildPhase section */

/* Begin PBXGroup section */
		35ADE35922279F680000AECF = {
			isa = PBXGroup;
			children = (
				35ADE36422279F680000AECF /* 仿朴朴首页 */,
				35ADE36322279F680000AECF /* Products */,
			);
			sourceTree = "<group>";
		};
		35ADE36322279F680000AECF /* Products */ = {
			isa = PBXGroup;
			children = (
				35ADE36222279F680000AECF /* 仿朴朴首页.app */,
			);
			name = Products;
			sourceTree = "<group>";
		};
		35ADE36422279F680000AECF /* 仿朴朴首页 */ = {
			isa = PBXGroup;
			children = (
				35ADE36522279F680000AECF /* AppDelegate.h */,
				35ADE36622279F680000AECF /* AppDelegate.m */,
				35ADE36822279F680000AECF /* ViewController.h */,
				35ADE36922279F680000AECF /* ViewController.m */,
				35ADE36B22279F680000AECF /* Main.storyboard */,
				35ADE36E22279F680000AECF /* Assets.xcassets */,
				35ADE37022279F680000AECF /* LaunchScreen.storyboard */,
				35ADE37322279F680000AECF /* Info.plist */,
				35ADE37422279F680000AECF /* main.m */,
			);
			path = "仿朴朴首页";
			sourceTree = "<group>";
		};
/* End PBXGroup section */

/* Begin PBXNativeTarget section */
		35ADE36122279F680000AECF /* 仿朴朴首页 */ = {
			isa = PBXNativeTarget;
			buildConfigurationList = 35ADE37822279F680000AECF /* Build configuration list for PBXNativeTarget "仿朴朴首页" */;
			buildPhases = (
				35ADE35E22279F680000AECF /* Sources */,
				35ADE35F22279F680000AECF /* Frameworks */,
				35ADE36022279F680000AECF /* Resources */,
			);
			buildRules = (
			);
			dependencies = (
			);
			name = "仿朴朴首页";
			productName = "仿朴朴首页";
			productReference = 35ADE36222279F680000AECF /* 仿朴朴首页.app */;
			productType = "com.apple.product-type.application";
		};
/* End PBXNativeTarget section */

/* Begin PBXProject section */
		35ADE35A22279F680000AECF /* Project object */ = {
			isa = PBXProject;
			attributes = {
				LastUpgradeCheck = 1010;
				ORGANIZATIONNAME = funnyS;
				TargetAttributes = {
					35ADE36122279F680000AECF = {
						CreatedOnToolsVersion = 10.1;
					};
				};
			};
			buildConfigurationList = 35ADE35D22279F680000AECF /* Build configuration list for PBXProject "仿朴朴首页" */;
			compatibilityVersion = "Xcode 9.3";
			developmentRegion = en;
			hasScannedForEncodings = 0;
			knownRegions = (
				en,
				Base,
			);
			mainGroup = 35ADE35922279F680000AECF;
			productRefGroup = 35ADE36322279F680000AECF /* Products */;
			projectDirPath = "";
			projectRoot = "";
			targets = (
				35ADE36122279F680000AECF /* 仿朴朴首页 */,
			);
		};
/* End PBXProject section */

/* Begin PBXResourcesBuildPhase section */
		35ADE36022279F680000AECF /* Resources */ = {
			isa = PBXResourcesBuildPhase;
			buildActionMask = 2147483647;
			files = (
				35ADE37222279F680000AECF /* LaunchScreen.storyboard in Resources */,
				35ADE36F22279F680000AECF /* Assets.xcassets in Resources */,
				35ADE36D22279F680000AECF /* Main.storyboard in Resources */,
			);
			runOnlyForDeploymentPostprocessing = 0;
		};
/* End PBXResourcesBuildPhase section */

/* Begin PBXSourcesBuildPhase section */
		35ADE35E22279F680000AECF /* Sources */ = {
			isa = PBXSourcesBuildPhase;
			buildActionMask = 2147483647;
			files = (
				35ADE36A22279F680000AECF /* ViewController.m in Sources */,
				35ADE37522279F680000AECF /* main.m in Sources */,
				35ADE36722279F680000AECF /* AppDelegate.m in Sources */,
			);
			runOnlyForDeploymentPostprocessing = 0;
		};
/* End PBXSourcesBuildPhase section */

/* Begin PBXVariantGroup section */
		35ADE36B22279F680000AECF /* Main.storyboard */ = {
			isa = PBXVariantGroup;
			children = (
				35ADE36C22279F680000AECF /* Base */,
			);
			name = Main.storyboard;
			sourceTree = "<group>";
		};
		35ADE37022279F680000AECF /* LaunchScreen.storyboard */ = {
			isa = PBXVariantGroup;
			children = (
				35ADE37122279F680000AECF /* Base */,
			);
			name = LaunchScreen.storyboard;
			sourceTree = "<group>";
		};
/* End PBXVariantGroup section */

/* Begin XCBuildConfiguration section */
		35ADE37622279F680000AECF /* Debug */ = {
			isa = XCBuildConfiguration;
			buildSettings = {
				ALWAYS_SEARCH_USER_PATHS = NO;
				CLANG_ANALYZER_NONNULL = YES;
				CLANG_ANALYZER_NUMBER_OBJECT_CONVERSION = YES_AGGRESSIVE;
				CLANG_CXX_LANGUAGE_STANDARD = "gnu++14";
				CLANG_CXX_LIBRARY = "libc++";
				CLANG_ENABLE_MODULES = YES;
				CLANG_ENABLE_OBJC_ARC = YES;
				CLANG_ENABLE_OBJC_WEAK = YES;
				CLANG_WARN_BLOCK_CAPTURE_AUTORELEASING = YES;
				CLANG_WARN_BOOL_CONVERSION = YES;
				CLANG_WARN_COMMA = YES;
				CLANG_WARN_CONSTANT_CONVERSION = YES;
				CLANG_WARN_DEPRECATED_OBJC_IMPLEMENTATIONS = YES;
				CLANG_WARN_DIRECT_OBJC_ISA_USAGE = YES_ERROR;
				CLANG_WARN_DOCUMENTATION_COMMENTS = YES;
				CLANG_WARN_EMPTY_BODY = YES;
				CLANG_WARN_ENUM_CONVERSION = YES;
				CLANG_WARN_INFINITE_RECURSION = YES;
				CLANG_WARN_INT_CONVERSION = YES;
				CLANG_WARN_NON_LITERAL_NULL_CONVERSION = YES;
				CLANG_WARN_OBJC_IMPLICIT_RETAIN_SELF = YES;
				CLANG_WARN_OBJC_LITERAL_CONVERSION = YES;
				CLANG_WARN_OBJC_ROOT_CLASS = YES_ERROR;
				CLANG_WARN_RANGE_LOOP_ANALYSIS = YES;
				CLANG_WARN_STRICT_PROTOTYPES = YES;
				CLANG_WARN_SUSPICIOUS_MOVE = YES;
				CLANG_WARN_UNGUARDED_AVAILABILITY = YES_AGGRESSIVE;
				CLANG_WARN_UNREACHABLE_CODE = YES;
				CLANG_WARN__DUPLICATE_METHOD_MATCH = YES;
				CODE_SIGN_IDENTITY = "iPhone Developer";
				COPY_PHASE_STRIP = NO;
				DEBUG_INFORMATION_FORMAT = dwarf;
				ENABLE_STRICT_OBJC_MSGSEND = YES;
				ENABLE_TESTABILITY = YES;
				GCC_C_LANGUAGE_STANDARD = gnu11;
				GCC_DYNAMIC_NO_PIC = NO;
				GCC_NO_COMMON_BLOCKS = YES;
				GCC_OPTIMIZATION_LEVEL = 0;
				GCC_PREPROCESSOR_DEFINITIONS = (
					"DEBUG=1",
					"$(inherited)",
				);
				GCC_WARN_64_TO_32_BIT_CONVERSION = YES;
				GCC_WARN_ABOUT_RETURN_TYPE = YES_ERROR;
				GCC_WARN_UNDECLARED_SELECTOR = YES;
				GCC_WARN_UNINITIALIZED_AUTOS = YES_AGGRESSIVE;
				GCC_WARN_UNUSED_FUNCTION = YES;
				GCC_WARN_UNUSED_VARIABLE = YES;
				IPHONEOS_DEPLOYMENT_TARGET = 12.1;
				MTL_ENABLE_DEBUG_INFO = INCLUDE_SOURCE;
				MTL_FAST_MATH = YES;
				ONLY_ACTIVE_ARCH = YES;
				SDKROOT = iphoneos;
			};
			name = Debug;
		};
		35ADE37722279F680000AECF /* Release */ = {
			isa = XCBuildConfiguration;
			buildSettings = {
				ALWAYS_SEARCH_USER_PATHS = NO;
				CLANG_ANALYZER_NONNULL = YES;
				CLANG_ANALYZER_NUMBER_OBJECT_CONVERSION = YES_AGGRESSIVE;
				CLANG_CXX_LANGUAGE_STANDARD = "gnu++14";
				CLANG_CXX_LIBRARY = "libc++";
				CLANG_ENABLE_MODULES = YES;
				CLANG_ENABLE_OBJC_ARC = YES;
				CLANG_ENABLE_OBJC_WEAK = YES;
				CLANG_WARN_BLOCK_CAPTURE_AUTORELEASING = YES;
				CLANG_WARN_BOOL_CONVERSION = YES;
				CLANG_WARN_COMMA = YES;
				CLANG_WARN_CONSTANT_CONVERSION = YES;
				CLANG_WARN_DEPRECATED_OBJC_IMPLEMENTATIONS = YES;
				CLANG_WARN_DIRECT_OBJC_ISA_USAGE = YES_ERROR;
				CLANG_WARN_DOCUMENTATION_COMMENTS = YES;
				CLANG_WARN_EMPTY_BODY = YES;
				CLANG_WARN_ENUM_CONVERSION = YES;
				CLANG_WARN_INFINITE_RECURSION = YES;
				CLANG_WARN_INT_CONVERSION = YES;
				CLANG_WARN_NON_LITERAL_NULL_CONVERSION = YES;
				CLANG_WARN_OBJC_IMPLICIT_RETAIN_SELF = YES;
				CLANG_WARN_OBJC_LITERAL_CONVERSION = YES;
				CLANG_WARN_OBJC_ROOT_CLASS = YES_ERROR;
				CLANG_WARN_RANGE_LOOP_ANALYSIS = YES;
				CLANG_WARN_STRICT_PROTOTYPES = YES;
				CLANG_WARN_SUSPICIOUS_MOVE = YES;
				CLANG_WARN_UNGUARDED_AVAILABILITY = YES_AGGRESSIVE;
				CLANG_WARN_UNREACHABLE_CODE = YES;
				CLANG_WARN__DUPLICATE_METHOD_MATCH = YES;
				CODE_SIGN_IDENTITY = "iPhone Developer";
				COPY_PHASE_STRIP = NO;
				DEBUG_INFORMATION_FORMAT = "dwarf-with-dsym";
				ENABLE_NS_ASSERTIONS = NO;
				ENABLE_STRICT_OBJC_MSGSEND = YES;
				GCC_C_LANGUAGE_STANDARD = gnu11;
				GCC_NO_COMMON_BLOCKS = YES;
				GCC_WARN_64_TO_32_BIT_CONVERSION = YES;
				GCC_WARN_ABOUT_RETURN_TYPE = YES_ERROR;
				GCC_WARN_UNDECLARED_SELECTOR = YES;
				GCC_WARN_UNINITIALIZED_AUTOS = YES_AGGRESSIVE;
				GCC_WARN_UNUSED_FUNCTION = YES;
				GCC_WARN_UNUSED_VARIABLE = YES;
				IPHONEOS_DEPLOYMENT_TARGET = 12.1;
				MTL_ENABLE_DEBUG_INFO = NO;
				MTL_FAST_MATH = YES;
				SDKROOT = iphoneos;
				VALIDATE_PRODUCT = YES;
			};
			name = Release;
		};
		35ADE37922279F680000AECF /* Debug */ = {
			isa = XCBuildConfiguration;
			buildSettings = {
				ASSETCATALOG_COMPILER_APPICON_NAME = AppIcon;
				CODE_SIGN_STYLE = Automatic;
				DEVELOPMENT_TEAM = 72F3CM9K9V;
				INFOPLIST_FILE = "仿朴朴首页/Info.plist";
				LD_RUNPATH_SEARCH_PATHS = (
					"$(inherited)",
					"@executable_path/Frameworks",
				);
				PRODUCT_BUNDLE_IDENTIFIER = "com.conft.-----";
				PRODUCT_NAME = "$(TARGET_NAME)";
				TARGETED_DEVICE_FAMILY = "1,2";
			};
			name = Debug;
		};
		35ADE37A22279F680000AECF /* Release */ = {
			isa = XCBuildConfiguration;
			buildSettings = {
				ASSETCATALOG_COMPILER_APPICON_NAME = AppIcon;
				CODE_SIGN_STYLE = Automatic;
				DEVELOPMENT_TEAM = 72F3CM9K9V;
				INFOPLIST_FILE = "仿朴朴首页/Info.plist";
				LD_RUNPATH_SEARCH_PATHS = (
					"$(inherited)",
					"@executable_path/Frameworks",
				);
				PRODUCT_BUNDLE_IDENTIFIER = "com.conft.-----";
				PRODUCT_NAME = "$(TARGET_NAME)";
				TARGETED_DEVICE_FAMILY = "1,2";
			};
			name = Release;
		};
/* End XCBuildConfiguration section */

/* Begin XCConfigurationList section */
		35ADE35D22279F680000AECF /* Build configuration list for PBXProject "仿朴朴首页" */ = {
			isa = XCConfigurationList;
			buildConfigurations = (
				35ADE37622279F680000AECF /* Debug */,
				35ADE37722279F680000AECF /* Release */,
			);
			defaultConfigurationIsVisible = 0;
			defaultConfigurationName = Release;
		};
		35ADE37822279F680000AECF /* Build configuration list for PBXNativeTarget "仿朴朴首页" */ = {
			isa = XCConfigurationList;
			buildConfigurations = (
				35ADE37922279F680000AECF /* Debug */,
				35ADE37A22279F680000AECF /* Release */,
			);
			defaultConfigurationIsVisible = 0;
			defaultConfigurationName = Release;
		};
/* End XCConfigurationList section */
	};
	rootObject = 35ADE35A22279F680000AECF /* Project object */;
}
